{
    "name": "haunted-starter-app",
    "version": "1.0.0",
    "lockfileVersion": 2,
    "requires": true,
    "packages": {
        "": {
            "name": "haunted-starter-app",
            "version": "1.0.0",
            "dependencies": {
                "haunted": "^4.5.1",
                "lit-html": "1.1.1"
            }
        },
        "node_modules/haunted": {
            "version": "4.5.1",
            "resolved": "https://registry.npmjs.org/haunted/-/haunted-4.5.1.tgz",
            "integrity": "sha512-h1OlSMOWEOIBg8dFWW6vf6ATrs1XxrI/rGJHTUv7Z/sxQOf/4SHRar1ivaoVRxqaV/aLK83XyPYVhOTT0rvuAA==",
            "dependencies": {
                "lit-html": "^1.0.0"
            }
        },
        "node_modules/lit-html": {
            "version": "1.1.1",
            "resolved": "https://registry.npmjs.org/lit-html/-/lit-html-1.1.1.tgz",
            "integrity": "sha512-1WqhkPpj+CKwLRXCCbyRGnWkcFKE4ft2+j8C2zaXwFUK9I2vYDzTuDGPh0H9hZcDBEwoe6YpPC8AO5734EPORQ=="
        }
    },
    "dependencies": {
        "haunted": {
            "version": "4.5.1",
            "resolved": "https://registry.npmjs.org/haunted/-/haunted-4.5.1.tgz",
            "integrity": "sha512-h1OlSMOWEOIBg8dFWW6vf6ATrs1XxrI/rGJHTUv7Z/sxQOf/4SHRar1ivaoVRxqaV/aLK83XyPYVhOTT0rvuAA==",
            "requires": {
                "lit-html": "^1.0.0"
            }
        },
        "lit-html": {
            "version": "1.1.1",
            "resolved": "https://registry.npmjs.org/lit-html/-/lit-html-1.1.1.tgz",
            "integrity": "sha512-1WqhkPpj+CKwLRXCCbyRGnWkcFKE4ft2+j8C2zaXwFUK9I2vYDzTuDGPh0H9hZcDBEwoe6YpPC8AO5734EPORQ=="
        }
    }
}
